// !$*UTF8*$!
{
	archiveVersion = 1;
	classes = {
	};
	objectVersion = 56;
	objects = {

/* Begin PBXBuildFile section */
		A8436E2B2BADC32B002BAEE6 /* BubbleTeaHeroView.swift in Sources */ = {isa = PBXBuildFile; fileRef = A8436E2A2BADC32B002BAEE6 /* BubbleTeaHeroView.swift */; };
		A8436E302BAF209C002BAEE6 /* GifImage.swift in Sources */ = {isa = PBXBuildFile; fileRef = A8436E2F2BAF209C002BAEE6 /* GifImage.swift */; };
		A8436E322BAF247A002BAEE6 /* ShootView.swift in Sources */ = {isa = PBXBuildFile; fileRef = A8436E312BAF247A002BAEE6 /* ShootView.swift */; };
		A8436E352BAF2EE9002BAEE6 /* SDWebImageSwiftUI in Frameworks */ = {isa = PBXBuildFile; productRef = A8436E342BAF2EE9002BAEE6 /* SDWebImageSwiftUI */; };
		A8436E3A2BAF30B3002BAEE6 /* BubbleTeaHeroBattle.gif in Resources */ = {isa = PBXBuildFile; fileRef = A8436E382BAF30B3002BAEE6 /* BubbleTeaHeroBattle.gif */; };
		A8436E3D2BAF3101002BAEE6 /* BattleSea.gif in Resources */ = {isa = PBXBuildFile; fileRef = A8436E3C2BAF3101002BAEE6 /* BattleSea.gif */; };
		A8436E3F2BAF3144002BAEE6 /* BattleSeaBackground.gif in Resources */ = {isa = PBXBuildFile; fileRef = A8436E3E2BAF3144002BAEE6 /* BattleSeaBackground.gif */; };
		A8FBFD2B2BAC6E19005070AC /* BobaApp.swift in Sources */ = {isa = PBXBuildFile; fileRef = A8FBFD2A2BAC6E19005070AC /* BobaApp.swift */; };
		A8FBFD2D2BAC6E19005070AC /* HomeView.swift in Sources */ = {isa = PBXBuildFile; fileRef = A8FBFD2C2BAC6E19005070AC /* HomeView.swift */; };
		A8FBFD2F2BAC6E1A005070AC /* Assets.xcassets in Resources */ = {isa = PBXBuildFile; fileRef = A8FBFD2E2BAC6E1A005070AC /* Assets.xcassets */; };
		A8FBFD322BAC6E1A005070AC /* Preview Assets.xcassets in Resources */ = {isa = PBXBuildFile; fileRef = A8FBFD312BAC6E1A005070AC /* Preview Assets.xcassets */; };
		A8FBFD392BAC6EC6005070AC /* ShopView.swift in Sources */ = {isa = PBXBuildFile; fileRef = A8FBFD382BAC6EC6005070AC /* ShopView.swift */; };
		A8FBFD3B2BAC6ED3005070AC /* BattleView.swift in Sources */ = {isa = PBXBuildFile; fileRef = A8FBFD3A2BAC6ED3005070AC /* BattleView.swift */; };
		A8FBFD3D2BAC71AE005070AC /* ViewRouter.swift in Sources */ = {isa = PBXBuildFile; fileRef = A8FBFD3C2BAC71AE005070AC /* ViewRouter.swift */; };
		A8FBFD3F2BAC71E3005070AC /* ContentView.swift in Sources */ = {isa = PBXBuildFile; fileRef = A8FBFD3E2BAC71E3005070AC /* ContentView.swift */; };
		A8FBFD412BAC8D58005070AC /* BubbleTeaCard.swift in Sources */ = {isa = PBXBuildFile; fileRef = A8FBFD402BAC8D58005070AC /* BubbleTeaCard.swift */; };
/* End PBXBuildFile section */

/* Begin PBXFileReference section */
		A8436E2A2BADC32B002BAEE6 /* BubbleTeaHeroView.swift */ = {isa = PBXFileReference; lastKnownFileType = sourcecode.swift; path = BubbleTeaHeroView.swift; sourceTree = "<group>"; };
		A8436E2F2BAF209C002BAEE6 /* GifImage.swift */ = {isa = PBXFileReference; lastKnownFileType = sourcecode.swift; path = GifImage.swift; sourceTree = "<group>"; };
		A8436E312BAF247A002BAEE6 /* ShootView.swift */ = {isa = PBXFileReference; lastKnownFileType = sourcecode.swift; path = ShootView.swift; sourceTree = "<group>"; };
		A8436E382BAF30B3002BAEE6 /* BubbleTeaHeroBattle.gif */ = {isa = PBXFileReference; lastKnownFileType = image.gif; path = BubbleTeaHeroBattle.gif; sourceTree = "<group>"; };
		A8436E3C2BAF3101002BAEE6 /* BattleSea.gif */ = {isa = PBXFileReference; lastKnownFileType = image.gif; path = BattleSea.gif; sourceTree = "<group>"; };
		A8436E3E2BAF3144002BAEE6 /* BattleSeaBackground.gif */ = {isa = PBXFileReference; lastKnownFileType = image.gif; path = BattleSeaBackground.gif; sourceTree = "<group>"; };
		A8FBFD272BAC6E19005070AC /* Boba.app */ = {isa = PBXFileReference; explicitFileType = wrapper.application; includeInIndex = 0; path = Boba.app; sourceTree = BUILT_PRODUCTS_DIR; };
		A8FBFD2A2BAC6E19005070AC /* BobaApp.swift */ = {isa = PBXFileReference; lastKnownFileType = sourcecode.swift; path = BobaApp.swift; sourceTree = "<group>"; };
		A8FBFD2C2BAC6E19005070AC /* HomeView.swift */ = {isa = PBXFileReference; lastKnownFileType = sourcecode.swift; path = HomeView.swift; sourceTree = "<group>"; };
		A8FBFD2E2BAC6E1A005070AC /* Assets.xcassets */ = {isa = PBXFileReference; lastKnownFileType = folder.assetcatalog; path = Assets.xcassets; sourceTree = "<group>"; };
		A8FBFD312BAC6E1A005070AC /* Preview Assets.xcassets */ = {isa = PBXFileReference; lastKnownFileType = folder.assetcatalog; path = "Preview Assets.xcassets"; sourceTree = "<group>"; };
		A8FBFD382BAC6EC6005070AC /* ShopView.swift */ = {isa = PBXFileReference; lastKnownFileType = sourcecode.swift; path = ShopView.swift; sourceTree = "<group>"; };
		A8FBFD3A2BAC6ED3005070AC /* BattleView.swift */ = {isa = PBXFileReference; lastKnownFileType = sourcecode.swift; path = BattleView.swift; sourceTree = "<group>"; };
		A8FBFD3C2BAC71AE005070AC /* ViewRouter.swift */ = {isa = PBXFileReference; lastKnownFileType = sourcecode.swift; path = ViewRouter.swift; sourceTree = "<group>"; };
		A8FBFD3E2BAC71E3005070AC /* ContentView.swift */ = {isa = PBXFileReference; lastKnownFileType = sourcecode.swift; path = ContentView.swift; sourceTree = "<group>"; };
		A8FBFD402BAC8D58005070AC /* BubbleTeaCard.swift */ = {isa = PBXFileReference; lastKnownFileType = sourcecode.swift; path = BubbleTeaCard.swift; sourceTree = "<group>"; };
/* End PBXFileReference section */

/* Begin PBXFrameworksBuildPhase section */
		A8FBFD242BAC6E19005070AC /* Frameworks */ = {
			isa = PBXFrameworksBuildPhase;
			buildActionMask = 2147483647;
			files = (
				A8436E352BAF2EE9002BAEE6 /* SDWebImageSwiftUI in Frameworks */,
			);
			runOnlyForDeploymentPostprocessing = 0;
		};
/* End PBXFrameworksBuildPhase section */

/* Begin PBXGroup section */
		A8436E2E2BAF208F002BAEE6 /* Util */ = {
			isa = PBXGroup;
			children = (
				A8436E2F2BAF209C002BAEE6 /* GifImage.swift */,
			);
			path = Util;
			sourceTree = "<group>";
		};
		A8FBFD1E2BAC6E19005070AC = {
			isa = PBXGroup;
			children = (
				A8FBFD292BAC6E19005070AC /* Boba */,
				A8FBFD282BAC6E19005070AC /* Products */,
			);
			sourceTree = "<group>";
		};
		A8FBFD282BAC6E19005070AC /* Products */ = {
			isa = PBXGroup;
			children = (
				A8FBFD272BAC6E19005070AC /* Boba.app */,
			);
			name = Products;
			sourceTree = "<group>";
		};
		A8FBFD292BAC6E19005070AC /* Boba */ = {
			isa = PBXGroup;
			children = (
				A8FBFD2A2BAC6E19005070AC /* BobaApp.swift */,
				A8FBFD442BAC8D69005070AC /* UI */,
				A8FBFD422BAC8D5B005070AC /* Internal */,
				A8436E2E2BAF208F002BAEE6 /* Util */,
				A8FBFD2E2BAC6E1A005070AC /* Assets.xcassets */,
				A8436E3E2BAF3144002BAEE6 /* BattleSeaBackground.gif */,
				A8436E3C2BAF3101002BAEE6 /* BattleSea.gif */,
				A8436E382BAF30B3002BAEE6 /* BubbleTeaHeroBattle.gif */,
				A8FBFD302BAC6E1A005070AC /* Preview Content */,
			);
			path = Boba;
			sourceTree = "<group>";
		};
		A8FBFD302BAC6E1A005070AC /* Preview Content */ = {
			isa = PBXGroup;
			children = (
				A8FBFD312BAC6E1A005070AC /* Preview Assets.xcassets */,
			);
			path = "Preview Content";
			sourceTree = "<group>";
		};
		A8FBFD422BAC8D5B005070AC /* Internal */ = {
			isa = PBXGroup;
			children = (
				A8FBFD432BAC8D5E005070AC /* Entity */,
			);
			path = Internal;
			sourceTree = "<group>";
		};
		A8FBFD432BAC8D5E005070AC /* Entity */ = {
			isa = PBXGroup;
			children = (
				A8FBFD402BAC8D58005070AC /* BubbleTeaCard.swift */,
				A8FBFD3C2BAC71AE005070AC /* ViewRouter.swift */,
			);
			path = Entity;
			sourceTree = "<group>";
		};
		A8FBFD442BAC8D69005070AC /* UI */ = {
			isa = PBXGroup;
			children = (
				A8FBFD3E2BAC71E3005070AC /* ContentView.swift */,
				A8FBFD2C2BAC6E19005070AC /* HomeView.swift */,
				A8FBFD382BAC6EC6005070AC /* ShopView.swift */,
				A8FBFD3A2BAC6ED3005070AC /* BattleView.swift */,
				A8436E2A2BADC32B002BAEE6 /* BubbleTeaHeroView.swift */,
				A8436E312BAF247A002BAEE6 /* ShootView.swift */,
			);
			path = UI;
			sourceTree = "<group>";
		};
/* End PBXGroup section */

/* Begin PBXNativeTarget section */
		A8FBFD262BAC6E19005070AC /* Boba */ = {
			isa = PBXNativeTarget;
			buildConfigurationList = A8FBFD352BAC6E1A005070AC /* Build configuration list for PBXNativeTarget "Boba" */;
			buildPhases = (
				A8FBFD232BAC6E19005070AC /* Sources */,
				A8FBFD242BAC6E19005070AC /* Frameworks */,
				A8FBFD252BAC6E19005070AC /* Resources */,
			);
			buildRules = (
			);
			dependencies = (
			);
			name = Boba;
			packageProductDependencies = (
				A8436E342BAF2EE9002BAEE6 /* SDWebImageSwiftUI */,
			);
			productName = Boba;
			productReference = A8FBFD272BAC6E19005070AC /* Boba.app */;
			productType = "com.apple.product-type.application";
		};
/* End PBXNativeTarget section */

/* Begin PBXProject section */
		A8FBFD1F2BAC6E19005070AC /* Project object */ = {
			isa = PBXProject;
			attributes = {
				BuildIndependentTargetsInParallel = 1;
				LastSwiftUpdateCheck = 1520;
				LastUpgradeCheck = 1520;
				TargetAttributes = {
					A8FBFD262BAC6E19005070AC = {
						CreatedOnToolsVersion = 15.2;
					};
				};
			};
			buildConfigurationList = A8FBFD222BAC6E19005070AC /* Build configuration list for PBXProject "Boba" */;
			compatibilityVersion = "Xcode 14.0";
			developmentRegion = en;
			hasScannedForEncodings = 0;
			knownRegions = (
				en,
				Base,
			);
			mainGroup = A8FBFD1E2BAC6E19005070AC;
			packageReferences = (
				A8436E332BAF2EE9002BAEE6 /* XCRemoteSwiftPackageReference "SDWebImageSwiftUI" */,
			);
			productRefGroup = A8FBFD282BAC6E19005070AC /* Products */;
			projectDirPath = "";
			projectRoot = "";
			targets = (
				A8FBFD262BAC6E19005070AC /* Boba */,
			);
		};
/* End PBXProject section */

/* Begin PBXResourcesBuildPhase section */
		A8FBFD252BAC6E19005070AC /* Resources */ = {
			isa = PBXResourcesBuildPhase;
			buildActionMask = 2147483647;
			files = (
				A8FBFD322BAC6E1A005070AC /* Preview Assets.xcassets in Resources */,
				A8436E3A2BAF30B3002BAEE6 /* BubbleTeaHeroBattle.gif in Resources */,
				A8436E3D2BAF3101002BAEE6 /* BattleSea.gif in Resources */,
				A8FBFD2F2BAC6E1A005070AC /* Assets.xcassets in Resources */,
				A8436E3F2BAF3144002BAEE6 /* BattleSeaBackground.gif in Resources */,
			);
			runOnlyForDeploymentPostprocessing = 0;
		};
/* End PBXResourcesBuildPhase section */

/* Begin PBXSourcesBuildPhase section */
		A8FBFD232BAC6E19005070AC /* Sources */ = {
			isa = PBXSourcesBuildPhase;
			buildActionMask = 2147483647;
			files = (
				A8FBFD3D2BAC71AE005070AC /* ViewRouter.swift in Sources */,
				A8436E302BAF209C002BAEE6 /* GifImage.swift in Sources */,
				A8FBFD412BAC8D58005070AC /* BubbleTeaCard.swift in Sources */,
				A8436E2B2BADC32B002BAEE6 /* BubbleTeaHeroView.swift in Sources */,
				A8FBFD3F2BAC71E3005070AC /* ContentView.swift in Sources */,
				A8FBFD392BAC6EC6005070AC /* ShopView.swift in Sources */,
				A8436E322BAF247A002BAEE6 /* ShootView.swift in Sources */,
				A8FBFD2D2BAC6E19005070AC /* HomeView.swift in Sources */,
				A8FBFD3B2BAC6ED3005070AC /* BattleView.swift in Sources */,
				A8FBFD2B2BAC6E19005070AC /* BobaApp.swift in Sources */,
			);
			runOnlyForDeploymentPostprocessing = 0;
		};
/* End PBXSourcesBuildPhase section */

/* Begin XCBuildConfiguration section */
		A8FBFD332BAC6E1A005070AC /* Debug */ = {
			isa = XCBuildConfiguration;
			buildSettings = {
				ALWAYS_SEARCH_USER_PATHS = NO;
				ASSETCATALOG_COMPILER_GENERATE_SWIFT_ASSET_SYMBOL_EXTENSIONS = YES;
				CLANG_ANALYZER_NONNULL = YES;
				CLANG_ANALYZER_NUMBER_OBJECT_CONVERSION = YES_AGGRESSIVE;
				CLANG_CXX_LANGUAGE_STANDARD = "gnu++20";
				CLANG_ENABLE_MODULES = YES;
				CLANG_ENABLE_OBJC_ARC = YES;
				CLANG_ENABLE_OBJC_WEAK = YES;
				CLANG_WARN_BLOCK_CAPTURE_AUTORELEASING = YES;
				CLANG_WARN_BOOL_CONVERSION = YES;
				CLANG_WARN_COMMA = YES;
				CLANG_WARN_CONSTANT_CONVERSION = YES;
				CLANG_WARN_DEPRECATED_OBJC_IMPLEMENTATIONS = YES;
				CLANG_WARN_DIRECT_OBJC_ISA_USAGE = YES_ERROR;
				CLANG_WARN_DOCUMENTATION_COMMENTS = YES;
				CLANG_WARN_EMPTY_BODY = YES;
				CLANG_WARN_ENUM_CONVERSION = YES;
				CLANG_WARN_INFINITE_RECURSION = YES;
				CLANG_WARN_INT_CONVERSION = YES;
				CLANG_WARN_NON_LITERAL_NULL_CONVERSION = YES;
				CLANG_WARN_OBJC_IMPLICIT_RETAIN_SELF = YES;
				CLANG_WARN_OBJC_LITERAL_CONVERSION = YES;
				CLANG_WARN_OBJC_ROOT_CLASS = YES_ERROR;
				CLANG_WARN_QUOTED_INCLUDE_IN_FRAMEWORK_HEADER = YES;
				CLANG_WARN_RANGE_LOOP_ANALYSIS = YES;
				CLANG_WARN_STRICT_PROTOTYPES = YES;
				CLANG_WARN_SUSPICIOUS_MOVE = YES;
				CLANG_WARN_UNGUARDED_AVAILABILITY = YES_AGGRESSIVE;
				CLANG_WARN_UNREACHABLE_CODE = YES;
				CLANG_WARN__DUPLICATE_METHOD_MATCH = YES;
				COPY_PHASE_STRIP = NO;
				DEBUG_INFORMATION_FORMAT = dwarf;
				ENABLE_STRICT_OBJC_MSGSEND = YES;
				ENABLE_TESTABILITY = YES;
				ENABLE_USER_SCRIPT_SANDBOXING = YES;
				GCC_C_LANGUAGE_STANDARD = gnu17;
				GCC_DYNAMIC_NO_PIC = NO;
				GCC_NO_COMMON_BLOCKS = YES;
				GCC_OPTIMIZATION_LEVEL = 0;
				GCC_PREPROCESSOR_DEFINITIONS = (
					"DEBUG=1",
					"$(inherited)",
				);
				GCC_WARN_64_TO_32_BIT_CONVERSION = YES;
				GCC_WARN_ABOUT_RETURN_TYPE = YES_ERROR;
				GCC_WARN_UNDECLARED_SELECTOR = YES;
				GCC_WARN_UNINITIALIZED_AUTOS = YES_AGGRESSIVE;
				GCC_WARN_UNUSED_FUNCTION = YES;
				GCC_WARN_UNUSED_VARIABLE = YES;
				IPHONEOS_DEPLOYMENT_TARGET = 17.2;
				LOCALIZATION_PREFERS_STRING_CATALOGS = YES;
				MTL_ENABLE_DEBUG_INFO = INCLUDE_SOURCE;
				MTL_FAST_MATH = YES;
				ONLY_ACTIVE_ARCH = YES;
				SDKROOT = iphoneos;
				SWIFT_ACTIVE_COMPILATION_CONDITIONS = "DEBUG $(inherited)";
				SWIFT_OPTIMIZATION_LEVEL = "-Onone";
			};
			name = Debug;
		};
		A8FBFD342BAC6E1A005070AC /* Release */ = {
			isa = XCBuildConfiguration;
			buildSettings = {
				ALWAYS_SEARCH_USER_PATHS = NO;
				ASSETCATALOG_COMPILER_GENERATE_SWIFT_ASSET_SYMBOL_EXTENSIONS = YES;
				CLANG_ANALYZER_NONNULL = YES;
				CLANG_ANALYZER_NUMBER_OBJECT_CONVERSION = YES_AGGRESSIVE;
				CLANG_CXX_LANGUAGE_STANDARD = "gnu++20";
				CLANG_ENABLE_MODULES = YES;
				CLANG_ENABLE_OBJC_ARC = YES;
				CLANG_ENABLE_OBJC_WEAK = YES;
				CLANG_WARN_BLOCK_CAPTURE_AUTORELEASING = YES;
				CLANG_WARN_BOOL_CONVERSION = YES;
				CLANG_WARN_COMMA = YES;
				CLANG_WARN_CONSTANT_CONVERSION = YES;
				CLANG_WARN_DEPRECATED_OBJC_IMPLEMENTATIONS = YES;
				CLANG_WARN_DIRECT_OBJC_ISA_USAGE = YES_ERROR;
				CLANG_WARN_DOCUMENTATION_COMMENTS = YES;
				CLANG_WARN_EMPTY_BODY = YES;
				CLANG_WARN_ENUM_CONVERSION = YES;
				CLANG_WARN_INFINITE_RECURSION = YES;
				CLANG_WARN_INT_CONVERSION = YES;
				CLANG_WARN_NON_LITERAL_NULL_CONVERSION = YES;
				CLANG_WARN_OBJC_IMPLICIT_RETAIN_SELF = YES;
				CLANG_WARN_OBJC_LITERAL_CONVERSION = YES;
				CLANG_WARN_OBJC_ROOT_CLASS = YES_ERROR;
				CLANG_WARN_QUOTED_INCLUDE_IN_FRAMEWORK_HEADER = YES;
				CLANG_WARN_RANGE_LOOP_ANALYSIS = YES;
				CLANG_WARN_STRICT_PROTOTYPES = YES;
				CLANG_WARN_SUSPICIOUS_MOVE = YES;
				CLANG_WARN_UNGUARDED_AVAILABILITY = YES_AGGRESSIVE;
				CLANG_WARN_UNREACHABLE_CODE = YES;
				CLANG_WARN__DUPLICATE_METHOD_MATCH = YES;
				COPY_PHASE_STRIP = NO;
				DEBUG_INFORMATION_FORMAT = "dwarf-with-dsym";
				ENABLE_NS_ASSERTIONS = NO;
				ENABLE_STRICT_OBJC_MSGSEND = YES;
				ENABLE_USER_SCRIPT_SANDBOXING = YES;
				GCC_C_LANGUAGE_STANDARD = gnu17;
				GCC_NO_COMMON_BLOCKS = YES;
				GCC_WARN_64_TO_32_BIT_CONVERSION = YES;
				GCC_WARN_ABOUT_RETURN_TYPE = YES_ERROR;
				GCC_WARN_UNDECLARED_SELECTOR = YES;
				GCC_WARN_UNINITIALIZED_AUTOS = YES_AGGRESSIVE;
				GCC_WARN_UNUSED_FUNCTION = YES;
				GCC_WARN_UNUSED_VARIABLE = YES;
				IPHONEOS_DEPLOYMENT_TARGET = 17.2;
				LOCALIZATION_PREFERS_STRING_CATALOGS = YES;
				MTL_ENABLE_DEBUG_INFO = NO;
				MTL_FAST_MATH = YES;
				SDKROOT = iphoneos;
				SWIFT_COMPILATION_MODE = wholemodule;
				VALIDATE_PRODUCT = YES;
			};
			name = Release;
		};
		A8FBFD362BAC6E1A005070AC /* Debug */ = {
			isa = XCBuildConfiguration;
			buildSettings = {
				ASSETCATALOG_COMPILER_APPICON_NAME = AppIcon;
				ASSETCATALOG_COMPILER_GLOBAL_ACCENT_COLOR_NAME = AccentColor;
				CODE_SIGN_STYLE = Automatic;
				CURRENT_PROJECT_VERSION = 1;
				DEVELOPMENT_ASSET_PATHS = "\"Boba/Preview Content\"";
				DEVELOPMENT_TEAM = Y366CJ66L6;
				ENABLE_PREVIEWS = YES;
				GENERATE_INFOPLIST_FILE = YES;
				INFOPLIST_KEY_UIApplicationSceneManifest_Generation = YES;
				INFOPLIST_KEY_UIApplicationSupportsIndirectInputEvents = YES;
				INFOPLIST_KEY_UILaunchScreen_Generation = YES;
				INFOPLIST_KEY_UISupportedInterfaceOrientations_iPad = "UIInterfaceOrientationPortrait UIInterfaceOrientationPortraitUpsideDown UIInterfaceOrientationLandscapeLeft UIInterfaceOrientationLandscapeRight";
				INFOPLIST_KEY_UISupportedInterfaceOrientations_iPhone = "UIInterfaceOrientationPortrait UIInterfaceOrientationLandscapeLeft UIInterfaceOrientationLandscapeRight";
				LD_RUNPATH_SEARCH_PATHS = (
					"$(inherited)",
					"@executable_path/Frameworks",
				);
				MARKETING_VERSION = 1.0;
				PRODUCT_BUNDLE_IDENTIFIER = com.yanunyang.Boba;
				PRODUCT_NAME = "$(TARGET_NAME)";
				SWIFT_EMIT_LOC_STRINGS = YES;
				SWIFT_VERSION = 5.0;
				TARGETED_DEVICE_FAMILY = "1,2";
			};
			name = Debug;
		};
		A8FBFD372BAC6E1A005070AC /* Release */ = {
			isa = XCBuildConfiguration;
			buildSettings = {
				ASSETCATALOG_COMPILER_APPICON_NAME = AppIcon;
				ASSETCATALOG_COMPILER_GLOBAL_ACCENT_COLOR_NAME = AccentColor;
				CODE_SIGN_STYLE = Automatic;
				CURRENT_PROJECT_VERSION = 1;
				DEVELOPMENT_ASSET_PATHS = "\"Boba/Preview Content\"";
				DEVELOPMENT_TEAM = Y366CJ66L6;
				ENABLE_PREVIEWS = YES;
				GENERATE_INFOPLIST_FILE = YES;
				INFOPLIST_KEY_UIApplicationSceneManifest_Generation = YES;
				INFOPLIST_KEY_UIApplicationSupportsIndirectInputEvents = YES;
				INFOPLIST_KEY_UILaunchScreen_Generation = YES;
				INFOPLIST_KEY_UISupportedInterfaceOrientations_iPad = "UIInterfaceOrientationPortrait UIInterfaceOrientationPortraitUpsideDown UIInterfaceOrientationLandscapeLeft UIInterfaceOrientationLandscapeRight";
				INFOPLIST_KEY_UISupportedInterfaceOrientations_iPhone = "UIInterfaceOrientationPortrait UIInterfaceOrientationLandscapeLeft UIInterfaceOrientationLandscapeRight";
				LD_RUNPATH_SEARCH_PATHS = (
					"$(inherited)",
					"@executable_path/Frameworks",
				);
				MARKETING_VERSION = 1.0;
				PRODUCT_BUNDLE_IDENTIFIER = com.yanunyang.Boba;
				PRODUCT_NAME = "$(TARGET_NAME)";
				SWIFT_EMIT_LOC_STRINGS = YES;
				SWIFT_VERSION = 5.0;
				TARGETED_DEVICE_FAMILY = "1,2";
			};
			name = Release;
		};
/* End XCBuildConfiguration section */

/* Begin XCConfigurationList section */
		A8FBFD222BAC6E19005070AC /* Build configuration list for PBXProject "Boba" */ = {
			isa = XCConfigurationList;
			buildConfigurations = (
				A8FBFD332BAC6E1A005070AC /* Debug */,
				A8FBFD342BAC6E1A005070AC /* Release */,
			);
			defaultConfigurationIsVisible = 0;
			defaultConfigurationName = Release;
		};
		A8FBFD352BAC6E1A005070AC /* Build configuration list for PBXNativeTarget "Boba" */ = {
			isa = XCConfigurationList;
			buildConfigurations = (
				A8FBFD362BAC6E1A005070AC /* Debug */,
				A8FBFD372BAC6E1A005070AC /* Release */,
			);
			defaultConfigurationIsVisible = 0;
			defaultConfigurationName = Release;
		};
/* End XCConfigurationList section */

/* Begin XCRemoteSwiftPackageReference section */
		A8436E332BAF2EE9002BAEE6 /* XCRemoteSwiftPackageReference "SDWebImageSwiftUI" */ = {
			isa = XCRemoteSwiftPackageReference;
			repositoryURL = "https://github.com/SDWebImage/SDWebImageSwiftUI.git";
			requirement = {
				kind = upToNextMajorVersion;
				minimumVersion = 3.0.1;
			};
		};
/* End XCRemoteSwiftPackageReference section */

/* Begin XCSwiftPackageProductDependency section */
		A8436E342BAF2EE9002BAEE6 /* SDWebImageSwiftUI */ = {
			isa = XCSwiftPackageProductDependency;
			package = A8436E332BAF2EE9002BAEE6 /* XCRemoteSwiftPackageReference "SDWebImageSwiftUI" */;
			productName = SDWebImageSwiftUI;
		};
/* End XCSwiftPackageProductDependency section */
	};
	rootObject = A8FBFD1F2BAC6E19005070AC /* Project object */;
}
